PODS:
  - OAStackView (1.0.1)
  - SWRevealViewController (2.3.0)

DEPENDENCIES:
  - OAStackView
  - SWRevealViewController (~> 2.3)

SPEC CHECKSUMS:
  OAStackView: 95e7cb79cbea25c2342f496a44bdbe8bd4c8d510
  SWRevealViewController: 6d3fd97f70112fd7cef9de14df4260eacce4c63a

PODFILE CHECKSUM: 1988e2986cd5d076b718e5b03c42b6a730adbd24

COCOAPODS: 1.2.0
